// !$*UTF8*$!
{
	archiveVersion = 1;
	classes = {
	};
	objectVersion = 55;
	objects = {

/* Begin PBXBuildFile section */
		D19A774127AD83BF004DC34A /* AppDelegate.swift in Sources */ = {isa = PBXBuildFile; fileRef = D19A774027AD83BF004DC34A /* AppDelegate.swift */; };
		D19A774327AD83BF004DC34A /* SceneDelegate.swift in Sources */ = {isa = PBXBuildFile; fileRef = D19A774227AD83BF004DC34A /* SceneDelegate.swift */; };
		D19A774527AD83BF004DC34A /* ViewController.swift in Sources */ = {isa = PBXBuildFile; fileRef = D19A774427AD83BF004DC34A /* ViewController.swift */; };
		D19A774A27AD83C0004DC34A /* Assets.xcassets in Resources */ = {isa = PBXBuildFile; fileRef = D19A774927AD83C0004DC34A /* Assets.xcassets */; };
		D19A774D27AD83C0004DC34A /* LaunchScreen.storyboard in Resources */ = {isa = PBXBuildFile; fileRef = D19A774B27AD83C0004DC34A /* LaunchScreen.storyboard */; };
		D19A775627AD9C43004DC34A /* APIKey.swift in Sources */ = {isa = PBXBuildFile; fileRef = D19A775527AD9C43004DC34A /* APIKey.swift */; };
		D19A775927AD9D70004DC34A /* News.swift in Sources */ = {isa = PBXBuildFile; fileRef = D19A775827AD9D70004DC34A /* News.swift */; };
		D19A775C27AD9FAF004DC34A /* NetworkManager.swift in Sources */ = {isa = PBXBuildFile; fileRef = D19A775B27AD9FAF004DC34A /* NetworkManager.swift */; };
		D19A775F27ADAB15004DC34A /* NewsViewModel.swift in Sources */ = {isa = PBXBuildFile; fileRef = D19A775E27ADAB15004DC34A /* NewsViewModel.swift */; };
		D19A776127ADADF7004DC34A /* NewsListViewModel.swift in Sources */ = {isa = PBXBuildFile; fileRef = D19A776027ADADF7004DC34A /* NewsListViewModel.swift */; };
		D19A776427ADB045004DC34A /* HeaderView.swift in Sources */ = {isa = PBXBuildFile; fileRef = D19A776327ADB045004DC34A /* HeaderView.swift */; };
		D19A776627ADC0B4004DC34A /* ShadowImageView.swift in Sources */ = {isa = PBXBuildFile; fileRef = D19A776527ADC0B4004DC34A /* ShadowImageView.swift */; };
		D19A776827ADC7E7004DC34A /* NewsTableViewCell.swift in Sources */ = {isa = PBXBuildFile; fileRef = D19A776727ADC7E7004DC34A /* NewsTableViewCell.swift */; };
/* End PBXBuildFile section */

/* Begin PBXFileReference section */
		D19A773D27AD83BF004DC34A /* fdcNews.app */ = {isa = PBXFileReference; explicitFileType = wrapper.application; includeInIndex = 0; path = fdcNews.app; sourceTree = BUILT_PRODUCTS_DIR; };
		D19A774027AD83BF004DC34A /* AppDelegate.swift */ = {isa = PBXFileReference; lastKnownFileType = sourcecode.swift; path = AppDelegate.swift; sourceTree = "<group>"; };
		D19A774227AD83BF004DC34A /* SceneDelegate.swift */ = {isa = PBXFileReference; lastKnownFileType = sourcecode.swift; path = SceneDelegate.swift; sourceTree = "<group>"; };
		D19A774427AD83BF004DC34A /* ViewController.swift */ = {isa = PBXFileReference; lastKnownFileType = sourcecode.swift; path = ViewController.swift; sourceTree = "<group>"; };
		D19A774927AD83C0004DC34A /* Assets.xcassets */ = {isa = PBXFileReference; lastKnownFileType = folder.assetcatalog; path = Assets.xcassets; sourceTree = "<group>"; };
		D19A774C27AD83C0004DC34A /* Base */ = {isa = PBXFileReference; lastKnownFileType = file.storyboard; name = Base; path = Base.lproj/LaunchScreen.storyboard; sourceTree = "<group>"; };
		D19A774E27AD83C0004DC34A /* Info.plist */ = {isa = PBXFileReference; lastKnownFileType = text.plist.xml; path = Info.plist; sourceTree = "<group>"; };
		D19A775527AD9C43004DC34A /* APIKey.swift */ = {isa = PBXFileReference; lastKnownFileType = sourcecode.swift; path = APIKey.swift; sourceTree = "<group>"; };
		D19A775827AD9D70004DC34A /* News.swift */ = {isa = PBXFileReference; lastKnownFileType = sourcecode.swift; path = News.swift; sourceTree = "<group>"; };
		D19A775B27AD9FAF004DC34A /* NetworkManager.swift */ = {isa = PBXFileReference; lastKnownFileType = sourcecode.swift; path = NetworkManager.swift; sourceTree = "<group>"; };
		D19A775E27ADAB15004DC34A /* NewsViewModel.swift */ = {isa = PBXFileReference; lastKnownFileType = sourcecode.swift; path = NewsViewModel.swift; sourceTree = "<group>"; };
		D19A776027ADADF7004DC34A /* NewsListViewModel.swift */ = {isa = PBXFileReference; lastKnownFileType = sourcecode.swift; path = NewsListViewModel.swift; sourceTree = "<group>"; };
		D19A776327ADB045004DC34A /* HeaderView.swift */ = {isa = PBXFileReference; lastKnownFileType = sourcecode.swift; path = HeaderView.swift; sourceTree = "<group>"; };
		D19A776527ADC0B4004DC34A /* ShadowImageView.swift */ = {isa = PBXFileReference; lastKnownFileType = sourcecode.swift; path = ShadowImageView.swift; sourceTree = "<group>"; };
		D19A776727ADC7E7004DC34A /* NewsTableViewCell.swift */ = {isa = PBXFileReference; lastKnownFileType = sourcecode.swift; path = NewsTableViewCell.swift; sourceTree = "<group>"; };
/* End PBXFileReference section */

/* Begin PBXFrameworksBuildPhase section */
		D19A773A27AD83BF004DC34A /* Frameworks */ = {
			isa = PBXFrameworksBuildPhase;
			buildActionMask = 2147483647;
			files = (
			);
			runOnlyForDeploymentPostprocessing = 0;
		};
/* End PBXFrameworksBuildPhase section */

/* Begin PBXGroup section */
		D19A773427AD83BF004DC34A = {
			isa = PBXGroup;
			children = (
				D19A773F27AD83BF004DC34A /* fdcNews */,
				D19A773E27AD83BF004DC34A /* Products */,
			);
			sourceTree = "<group>";
		};
		D19A773E27AD83BF004DC34A /* Products */ = {
			isa = PBXGroup;
			children = (
				D19A773D27AD83BF004DC34A /* fdcNews.app */,
			);
			name = Products;
			sourceTree = "<group>";
		};
		D19A773F27AD83BF004DC34A /* fdcNews */ = {
			isa = PBXGroup;
			children = (
				D19A776227ADB01E004DC34A /* Views */,
				D19A775D27ADAAF4004DC34A /* ViewModels */,
				D19A775A27AD9F1C004DC34A /* Services */,
				D19A775727AD9D51004DC34A /* Models */,
				D19A775427AD9C19004DC34A /* Config */,
				D19A774027AD83BF004DC34A /* AppDelegate.swift */,
				D19A774227AD83BF004DC34A /* SceneDelegate.swift */,
				D19A774427AD83BF004DC34A /* ViewController.swift */,
				D19A774927AD83C0004DC34A /* Assets.xcassets */,
				D19A774B27AD83C0004DC34A /* LaunchScreen.storyboard */,
				D19A774E27AD83C0004DC34A /* Info.plist */,
			);
			path = fdcNews;
			sourceTree = "<group>";
		};
		D19A775427AD9C19004DC34A /* Config */ = {
			isa = PBXGroup;
			children = (
				D19A775527AD9C43004DC34A /* APIKey.swift */,
			);
			path = Config;
			sourceTree = "<group>";
		};
		D19A775727AD9D51004DC34A /* Models */ = {
			isa = PBXGroup;
			children = (
				D19A775827AD9D70004DC34A /* News.swift */,
			);
			path = Models;
			sourceTree = "<group>";
		};
		D19A775A27AD9F1C004DC34A /* Services */ = {
			isa = PBXGroup;
			children = (
				D19A775B27AD9FAF004DC34A /* NetworkManager.swift */,
			);
			path = Services;
			sourceTree = "<group>";
		};
		D19A775D27ADAAF4004DC34A /* ViewModels */ = {
			isa = PBXGroup;
			children = (
				D19A775E27ADAB15004DC34A /* NewsViewModel.swift */,
				D19A776027ADADF7004DC34A /* NewsListViewModel.swift */,
			);
			path = ViewModels;
			sourceTree = "<group>";
		};
		D19A776227ADB01E004DC34A /* Views */ = {
			isa = PBXGroup;
			children = (
				D19A776327ADB045004DC34A /* HeaderView.swift */,
				D19A776527ADC0B4004DC34A /* ShadowImageView.swift */,
				D19A776727ADC7E7004DC34A /* NewsTableViewCell.swift */,
			);
			path = Views;
			sourceTree = "<group>";
		};
/* End PBXGroup section */

/* Begin PBXNativeTarget section */
		D19A773C27AD83BF004DC34A /* fdcNews */ = {
			isa = PBXNativeTarget;
			buildConfigurationList = D19A775127AD83C0004DC34A /* Build configuration list for PBXNativeTarget "fdcNews" */;
			buildPhases = (
				D19A773927AD83BF004DC34A /* Sources */,
				D19A773A27AD83BF004DC34A /* Frameworks */,
				D19A773B27AD83BF004DC34A /* Resources */,
			);
			buildRules = (
			);
			dependencies = (
			);
			name = fdcNews;
			productName = fdcNews;
			productReference = D19A773D27AD83BF004DC34A /* fdcNews.app */;
			productType = "com.apple.product-type.application";
		};
/* End PBXNativeTarget section */

/* Begin PBXProject section */
		D19A773527AD83BF004DC34A /* Project object */ = {
			isa = PBXProject;
			attributes = {
				BuildIndependentTargetsInParallel = 1;
				LastSwiftUpdateCheck = 1320;
				LastUpgradeCheck = 1320;
				TargetAttributes = {
					D19A773C27AD83BF004DC34A = {
						CreatedOnToolsVersion = 13.2.1;
					};
				};
			};
			buildConfigurationList = D19A773827AD83BF004DC34A /* Build configuration list for PBXProject "fdcNews" */;
			compatibilityVersion = "Xcode 13.0";
			developmentRegion = en;
			hasScannedForEncodings = 0;
			knownRegions = (
				en,
				Base,
			);
			mainGroup = D19A773427AD83BF004DC34A;
			productRefGroup = D19A773E27AD83BF004DC34A /* Products */;
			projectDirPath = "";
			projectRoot = "";
			targets = (
				D19A773C27AD83BF004DC34A /* fdcNews */,
			);
		};
/* End PBXProject section */

/* Begin PBXResourcesBuildPhase section */
		D19A773B27AD83BF004DC34A /* Resources */ = {
			isa = PBXResourcesBuildPhase;
			buildActionMask = 2147483647;
			files = (
				D19A774D27AD83C0004DC34A /* LaunchScreen.storyboard in Resources */,
				D19A774A27AD83C0004DC34A /* Assets.xcassets in Resources */,
			);
			runOnlyForDeploymentPostprocessing = 0;
		};
/* End PBXResourcesBuildPhase section */

/* Begin PBXSourcesBuildPhase section */
		D19A773927AD83BF004DC34A /* Sources */ = {
			isa = PBXSourcesBuildPhase;
			buildActionMask = 2147483647;
			files = (
				D19A775C27AD9FAF004DC34A /* NetworkManager.swift in Sources */,
				D19A776827ADC7E7004DC34A /* NewsTableViewCell.swift in Sources */,
				D19A776427ADB045004DC34A /* HeaderView.swift in Sources */,
				D19A774527AD83BF004DC34A /* ViewController.swift in Sources */,
				D19A774127AD83BF004DC34A /* AppDelegate.swift in Sources */,
				D19A775627AD9C43004DC34A /* APIKey.swift in Sources */,
				D19A775F27ADAB15004DC34A /* NewsViewModel.swift in Sources */,
				D19A775927AD9D70004DC34A /* News.swift in Sources */,
				D19A774327AD83BF004DC34A /* SceneDelegate.swift in Sources */,
				D19A776627ADC0B4004DC34A /* ShadowImageView.swift in Sources */,
				D19A776127ADADF7004DC34A /* NewsListViewModel.swift in Sources */,
			);
			runOnlyForDeploymentPostprocessing = 0;
		};
/* End PBXSourcesBuildPhase section */

/* Begin PBXVariantGroup section */
		D19A774B27AD83C0004DC34A /* LaunchScreen.storyboard */ = {
			isa = PBXVariantGroup;
			children = (
				D19A774C27AD83C0004DC34A /* Base */,
			);
			name = LaunchScreen.storyboard;
			sourceTree = "<group>";
		};
/* End PBXVariantGroup section */

/* Begin XCBuildConfiguration section */
		D19A774F27AD83C0004DC34A /* Debug */ = {
			isa = XCBuildConfiguration;
			buildSettings = {
				ALWAYS_SEARCH_USER_PATHS = NO;
				CLANG_ANALYZER_NONNULL = YES;
				CLANG_ANALYZER_NUMBER_OBJECT_CONVERSION = YES_AGGRESSIVE;
				CLANG_CXX_LANGUAGE_STANDARD = "gnu++17";
				CLANG_CXX_LIBRARY = "libc++";
				CLANG_ENABLE_MODULES = YES;
				CLANG_ENABLE_OBJC_ARC = YES;
				CLANG_ENABLE_OBJC_WEAK = YES;
				CLANG_WARN_BLOCK_CAPTURE_AUTORELEASING = YES;
				CLANG_WARN_BOOL_CONVERSION = YES;
				CLANG_WARN_COMMA = YES;
				CLANG_WARN_CONSTANT_CONVERSION = YES;
				CLANG_WARN_DEPRECATED_OBJC_IMPLEMENTATIONS = YES;
				CLANG_WARN_DIRECT_OBJC_ISA_USAGE = YES_ERROR;
				CLANG_WARN_DOCUMENTATION_COMMENTS = YES;
				CLANG_WARN_EMPTY_BODY = YES;
				CLANG_WARN_ENUM_CONVERSION = YES;
				CLANG_WARN_INFINITE_RECURSION = YES;
				CLANG_WARN_INT_CONVERSION = YES;
				CLANG_WARN_NON_LITERAL_NULL_CONVERSION = YES;
				CLANG_WARN_OBJC_IMPLICIT_RETAIN_SELF = YES;
				CLANG_WARN_OBJC_LITERAL_CONVERSION = YES;
				CLANG_WARN_OBJC_ROOT_CLASS = YES_ERROR;
				CLANG_WARN_QUOTED_INCLUDE_IN_FRAMEWORK_HEADER = YES;
				CLANG_WARN_RANGE_LOOP_ANALYSIS = YES;
				CLANG_WARN_STRICT_PROTOTYPES = YES;
				CLANG_WARN_SUSPICIOUS_MOVE = YES;
				CLANG_WARN_UNGUARDED_AVAILABILITY = YES_AGGRESSIVE;
				CLANG_WARN_UNREACHABLE_CODE = YES;
				CLANG_WARN__DUPLICATE_METHOD_MATCH = YES;
				COPY_PHASE_STRIP = NO;
				DEBUG_INFORMATION_FORMAT = dwarf;
				ENABLE_STRICT_OBJC_MSGSEND = YES;
				ENABLE_TESTABILITY = YES;
				GCC_C_LANGUAGE_STANDARD = gnu11;
				GCC_DYNAMIC_NO_PIC = NO;
				GCC_NO_COMMON_BLOCKS = YES;
				GCC_OPTIMIZATION_LEVEL = 0;
				GCC_PREPROCESSOR_DEFINITIONS = (
					"DEBUG=1",
					"$(inherited)",
				);
				GCC_WARN_64_TO_32_BIT_CONVERSION = YES;
				GCC_WARN_ABOUT_RETURN_TYPE = YES_ERROR;
				GCC_WARN_UNDECLARED_SELECTOR = YES;
				GCC_WARN_UNINITIALIZED_AUTOS = YES_AGGRESSIVE;
				GCC_WARN_UNUSED_FUNCTION = YES;
				GCC_WARN_UNUSED_VARIABLE = YES;
				IPHONEOS_DEPLOYMENT_TARGET = 15.2;
				MTL_ENABLE_DEBUG_INFO = INCLUDE_SOURCE;
				MTL_FAST_MATH = YES;
				ONLY_ACTIVE_ARCH = YES;
				SDKROOT = iphoneos;
				SWIFT_ACTIVE_COMPILATION_CONDITIONS = DEBUG;
				SWIFT_OPTIMIZATION_LEVEL = "-Onone";
			};
			name = Debug;
		};
		D19A775027AD83C0004DC34A /* Release */ = {
			isa = XCBuildConfiguration;
			buildSettings = {
				ALWAYS_SEARCH_USER_PATHS = NO;
				CLANG_ANALYZER_NONNULL = YES;
				CLANG_ANALYZER_NUMBER_OBJECT_CONVERSION = YES_AGGRESSIVE;
				CLANG_CXX_LANGUAGE_STANDARD = "gnu++17";
				CLANG_CXX_LIBRARY = "libc++";
				CLANG_ENABLE_MODULES = YES;
				CLANG_ENABLE_OBJC_ARC = YES;
				CLANG_ENABLE_OBJC_WEAK = YES;
				CLANG_WARN_BLOCK_CAPTURE_AUTORELEASING = YES;
				CLANG_WARN_BOOL_CONVERSION = YES;
				CLANG_WARN_COMMA = YES;
				CLANG_WARN_CONSTANT_CONVERSION = YES;
				CLANG_WARN_DEPRECATED_OBJC_IMPLEMENTATIONS = YES;
				CLANG_WARN_DIRECT_OBJC_ISA_USAGE = YES_ERROR;
				CLANG_WARN_DOCUMENTATION_COMMENTS = YES;
				CLANG_WARN_EMPTY_BODY = YES;
				CLANG_WARN_ENUM_CONVERSION = YES;
				CLANG_WARN_INFINITE_RECURSION = YES;
				CLANG_WARN_INT_CONVERSION = YES;
				CLANG_WARN_NON_LITERAL_NULL_CONVERSION = YES;
				CLANG_WARN_OBJC_IMPLICIT_RETAIN_SELF = YES;
				CLANG_WARN_OBJC_LITERAL_CONVERSION = YES;
				CLANG_WARN_OBJC_ROOT_CLASS = YES_ERROR;
				CLANG_WARN_QUOTED_INCLUDE_IN_FRAMEWORK_HEADER = YES;
				CLANG_WARN_RANGE_LOOP_ANALYSIS = YES;
				CLANG_WARN_STRICT_PROTOTYPES = YES;
				CLANG_WARN_SUSPICIOUS_MOVE = YES;
				CLANG_WARN_UNGUARDED_AVAILABILITY = YES_AGGRESSIVE;
				CLANG_WARN_UNREACHABLE_CODE = YES;
				CLANG_WARN__DUPLICATE_METHOD_MATCH = YES;
				COPY_PHASE_STRIP = NO;
				DEBUG_INFORMATION_FORMAT = "dwarf-with-dsym";
				ENABLE_NS_ASSERTIONS = NO;
				ENABLE_STRICT_OBJC_MSGSEND = YES;
				GCC_C_LANGUAGE_STANDARD = gnu11;
				GCC_NO_COMMON_BLOCKS = YES;
				GCC_WARN_64_TO_32_BIT_CONVERSION = YES;
				GCC_WARN_ABOUT_RETURN_TYPE = YES_ERROR;
				GCC_WARN_UNDECLARED_SELECTOR = YES;
				GCC_WARN_UNINITIALIZED_AUTOS = YES_AGGRESSIVE;
				GCC_WARN_UNUSED_FUNCTION = YES;
				GCC_WARN_UNUSED_VARIABLE = YES;
				IPHONEOS_DEPLOYMENT_TARGET = 15.2;
				MTL_ENABLE_DEBUG_INFO = NO;
				MTL_FAST_MATH = YES;
				SDKROOT = iphoneos;
				SWIFT_COMPILATION_MODE = wholemodule;
				SWIFT_OPTIMIZATION_LEVEL = "-O";
				VALIDATE_PRODUCT = YES;
			};
			name = Release;
		};
		D19A775227AD83C0004DC34A /* Debug */ = {
			isa = XCBuildConfiguration;
			buildSettings = {
				ASSETCATALOG_COMPILER_APPICON_NAME = AppIcon;
				ASSETCATALOG_COMPILER_GLOBAL_ACCENT_COLOR_NAME = AccentColor;
				CODE_SIGN_STYLE = Automatic;
				CURRENT_PROJECT_VERSION = 1;
				DEVELOPMENT_TEAM = 7QS576V6JV;
				GENERATE_INFOPLIST_FILE = YES;
				INFOPLIST_FILE = fdcNews/Info.plist;
				INFOPLIST_KEY_UIApplicationSupportsIndirectInputEvents = YES;
				INFOPLIST_KEY_UILaunchStoryboardName = LaunchScreen;
				INFOPLIST_KEY_UISupportedInterfaceOrientations_iPad = "UIInterfaceOrientationPortrait UIInterfaceOrientationPortraitUpsideDown UIInterfaceOrientationLandscapeLeft UIInterfaceOrientationLandscapeRight";
				INFOPLIST_KEY_UISupportedInterfaceOrientations_iPhone = "UIInterfaceOrientationPortrait UIInterfaceOrientationLandscapeLeft UIInterfaceOrientationLandscapeRight";
				LD_RUNPATH_SEARCH_PATHS = (
					"$(inherited)",
					"@executable_path/Frameworks",
				);
				MARKETING_VERSION = 1.0;
				PRODUCT_BUNDLE_IDENTIFIER = FDC.fdcNews;
				PRODUCT_NAME = "$(TARGET_NAME)";
				SWIFT_EMIT_LOC_STRINGS = YES;
				SWIFT_VERSION = 5.0;
				TARGETED_DEVICE_FAMILY = "1,2";
			};
			name = Debug;
		};
		D19A775327AD83C0004DC34A /* Release */ = {
			isa = XCBuildConfiguration;
			buildSettings = {
				ASSETCATALOG_COMPILER_APPICON_NAME = AppIcon;
				ASSETCATALOG_COMPILER_GLOBAL_ACCENT_COLOR_NAME = AccentColor;
				CODE_SIGN_STYLE = Automatic;
				CURRENT_PROJECT_VERSION = 1;
				DEVELOPMENT_TEAM = 7QS576V6JV;
				GENERATE_INFOPLIST_FILE = YES;
				INFOPLIST_FILE = fdcNews/Info.plist;
				INFOPLIST_KEY_UIApplicationSupportsIndirectInputEvents = YES;
				INFOPLIST_KEY_UILaunchStoryboardName = LaunchScreen;
				INFOPLIST_KEY_UISupportedInterfaceOrientations_iPad = "UIInterfaceOrientationPortrait UIInterfaceOrientationPortraitUpsideDown UIInterfaceOrientationLandscapeLeft UIInterfaceOrientationLandscapeRight";
				INFOPLIST_KEY_UISupportedInterfaceOrientations_iPhone = "UIInterfaceOrientationPortrait UIInterfaceOrientationLandscapeLeft UIInterfaceOrientationLandscapeRight";
				LD_RUNPATH_SEARCH_PATHS = (
					"$(inherited)",
					"@executable_path/Frameworks",
				);
				MARKETING_VERSION = 1.0;
				PRODUCT_BUNDLE_IDENTIFIER = FDC.fdcNews;
				PRODUCT_NAME = "$(TARGET_NAME)";
				SWIFT_EMIT_LOC_STRINGS = YES;
				SWIFT_VERSION = 5.0;
				TARGETED_DEVICE_FAMILY = "1,2";
			};
			name = Release;
		};
/* End XCBuildConfiguration section */

/* Begin XCConfigurationList section */
		D19A773827AD83BF004DC34A /* Build configuration list for PBXProject "fdcNews" */ = {
			isa = XCConfigurationList;
			buildConfigurations = (
				D19A774F27AD83C0004DC34A /* Debug */,
				D19A775027AD83C0004DC34A /* Release */,
			);
			defaultConfigurationIsVisible = 0;
			defaultConfigurationName = Release;
		};
		D19A775127AD83C0004DC34A /* Build configuration list for PBXNativeTarget "fdcNews" */ = {
			isa = XCConfigurationList;
			buildConfigurations = (
				D19A775227AD83C0004DC34A /* Debug */,
				D19A775327AD83C0004DC34A /* Release */,
			);
			defaultConfigurationIsVisible = 0;
			defaultConfigurationName = Release;
		};
/* End XCConfigurationList section */
	};
	rootObject = D19A773527AD83BF004DC34A /* Project object */;
}
